// !$*UTF8*$!
{
	archiveVersion = 1;
	classes = {
	};
	objectVersion = 56;
	objects = {

/* Begin PBXBuildFile section */
		EB6AD8BE2A1EC7B9007FE30B /* CatAppApp.swift in Sources */ = {isa = PBXBuildFile; fileRef = EB6AD8BD2A1EC7B9007FE30B /* CatAppApp.swift */; };
		EB6AD8C22A1EC7BC007FE30B /* Assets.xcassets in Resources */ = {isa = PBXBuildFile; fileRef = EB6AD8C12A1EC7BC007FE30B /* Assets.xcassets */; };
		EB6AD8C52A1EC7BC007FE30B /* Preview Assets.xcassets in Resources */ = {isa = PBXBuildFile; fileRef = EB6AD8C42A1EC7BC007FE30B /* Preview Assets.xcassets */; };
		EB6AD8D02A1EC869007FE30B /* CatModel.swift in Sources */ = {isa = PBXBuildFile; fileRef = EB6AD8CF2A1EC868007FE30B /* CatModel.swift */; };
		EB6AD8D22A1EC8ED007FE30B /* CardComponent.swift in Sources */ = {isa = PBXBuildFile; fileRef = EB6AD8D12A1EC8ED007FE30B /* CardComponent.swift */; };
		EB6AD8D42A1ECB9E007FE30B /* CatRepository.swift in Sources */ = {isa = PBXBuildFile; fileRef = EB6AD8D32A1ECB9E007FE30B /* CatRepository.swift */; };
		EB6AD8D62A1ECC7A007FE30B /* CatViewModel.swift in Sources */ = {isa = PBXBuildFile; fileRef = EB6AD8D52A1ECC7A007FE30B /* CatViewModel.swift */; };
		EB6AD8D82A1ECC91007FE30B /* CatView.swift in Sources */ = {isa = PBXBuildFile; fileRef = EB6AD8D72A1ECC91007FE30B /* CatView.swift */; };
		EB6AD8DA2A1ED70D007FE30B /* CatListOfCardsView.swift in Sources */ = {isa = PBXBuildFile; fileRef = EB6AD8D92A1ED70D007FE30B /* CatListOfCardsView.swift */; };
		EB6AD8DC2A1ED7B1007FE30B /* RootView.swift in Sources */ = {isa = PBXBuildFile; fileRef = EB6AD8DB2A1ED7B1007FE30B /* RootView.swift */; };
		EB6AD8DF2A1ED7F0007FE30B /* Enums.swift in Sources */ = {isa = PBXBuildFile; fileRef = EB6AD8DE2A1ED7F0007FE30B /* Enums.swift */; };
		EB6AD8E12A1ED896007FE30B /* NavigationViewModel.swift in Sources */ = {isa = PBXBuildFile; fileRef = EB6AD8E02A1ED896007FE30B /* NavigationViewModel.swift */; };
		EB6AD8E32A1ED9AE007FE30B /* SelectPageView.swift in Sources */ = {isa = PBXBuildFile; fileRef = EB6AD8E22A1ED9AE007FE30B /* SelectPageView.swift */; };
/* End PBXBuildFile section */

/* Begin PBXFileReference section */
		EB6AD8BA2A1EC7B9007FE30B /* CatApp.app */ = {isa = PBXFileReference; explicitFileType = wrapper.application; includeInIndex = 0; path = CatApp.app; sourceTree = BUILT_PRODUCTS_DIR; };
		EB6AD8BD2A1EC7B9007FE30B /* CatAppApp.swift */ = {isa = PBXFileReference; lastKnownFileType = sourcecode.swift; path = CatAppApp.swift; sourceTree = "<group>"; };
		EB6AD8C12A1EC7BC007FE30B /* Assets.xcassets */ = {isa = PBXFileReference; lastKnownFileType = folder.assetcatalog; path = Assets.xcassets; sourceTree = "<group>"; };
		EB6AD8C42A1EC7BC007FE30B /* Preview Assets.xcassets */ = {isa = PBXFileReference; lastKnownFileType = folder.assetcatalog; path = "Preview Assets.xcassets"; sourceTree = "<group>"; };
		EB6AD8CF2A1EC868007FE30B /* CatModel.swift */ = {isa = PBXFileReference; lastKnownFileType = sourcecode.swift; path = CatModel.swift; sourceTree = "<group>"; };
		EB6AD8D12A1EC8ED007FE30B /* CardComponent.swift */ = {isa = PBXFileReference; lastKnownFileType = sourcecode.swift; path = CardComponent.swift; sourceTree = "<group>"; };
		EB6AD8D32A1ECB9E007FE30B /* CatRepository.swift */ = {isa = PBXFileReference; lastKnownFileType = sourcecode.swift; path = CatRepository.swift; sourceTree = "<group>"; };
		EB6AD8D52A1ECC7A007FE30B /* CatViewModel.swift */ = {isa = PBXFileReference; lastKnownFileType = sourcecode.swift; path = CatViewModel.swift; sourceTree = "<group>"; };
		EB6AD8D72A1ECC91007FE30B /* CatView.swift */ = {isa = PBXFileReference; lastKnownFileType = sourcecode.swift; path = CatView.swift; sourceTree = "<group>"; };
		EB6AD8D92A1ED70D007FE30B /* CatListOfCardsView.swift */ = {isa = PBXFileReference; lastKnownFileType = sourcecode.swift; path = CatListOfCardsView.swift; sourceTree = "<group>"; };
		EB6AD8DB2A1ED7B1007FE30B /* RootView.swift */ = {isa = PBXFileReference; lastKnownFileType = sourcecode.swift; path = RootView.swift; sourceTree = "<group>"; };
		EB6AD8DE2A1ED7F0007FE30B /* Enums.swift */ = {isa = PBXFileReference; lastKnownFileType = sourcecode.swift; path = Enums.swift; sourceTree = "<group>"; };
		EB6AD8E02A1ED896007FE30B /* NavigationViewModel.swift */ = {isa = PBXFileReference; lastKnownFileType = sourcecode.swift; path = NavigationViewModel.swift; sourceTree = "<group>"; };
		EB6AD8E22A1ED9AE007FE30B /* SelectPageView.swift */ = {isa = PBXFileReference; lastKnownFileType = sourcecode.swift; path = SelectPageView.swift; sourceTree = "<group>"; };
/* End PBXFileReference section */

/* Begin PBXFrameworksBuildPhase section */
		EB6AD8B72A1EC7B9007FE30B /* Frameworks */ = {
			isa = PBXFrameworksBuildPhase;
			buildActionMask = 2147483647;
			files = (
			);
			runOnlyForDeploymentPostprocessing = 0;
		};
/* End PBXFrameworksBuildPhase section */

/* Begin PBXGroup section */
		EB6AD8B12A1EC7B9007FE30B = {
			isa = PBXGroup;
			children = (
				EB6AD8BC2A1EC7B9007FE30B /* CatApp */,
				EB6AD8BB2A1EC7B9007FE30B /* Products */,
			);
			sourceTree = "<group>";
		};
		EB6AD8BB2A1EC7B9007FE30B /* Products */ = {
			isa = PBXGroup;
			children = (
				EB6AD8BA2A1EC7B9007FE30B /* CatApp.app */,
			);
			name = Products;
			sourceTree = "<group>";
		};
		EB6AD8BC2A1EC7B9007FE30B /* CatApp */ = {
			isa = PBXGroup;
			children = (
				EB6AD8DD2A1ED7DF007FE30B /* Utilities */,
				EB6AD8CE2A1EC847007FE30B /* Repositories */,
				EB6AD8CD2A1EC839007FE30B /* Views */,
				EB6AD8CC2A1EC82E007FE30B /* ViewModel */,
				EB6AD8CB2A1EC827007FE30B /* Model */,
				EB6AD8BD2A1EC7B9007FE30B /* CatAppApp.swift */,
				EB6AD8DB2A1ED7B1007FE30B /* RootView.swift */,
				EB6AD8C12A1EC7BC007FE30B /* Assets.xcassets */,
				EB6AD8C32A1EC7BC007FE30B /* Preview Content */,
			);
			path = CatApp;
			sourceTree = "<group>";
		};
		EB6AD8C32A1EC7BC007FE30B /* Preview Content */ = {
			isa = PBXGroup;
			children = (
				EB6AD8C42A1EC7BC007FE30B /* Preview Assets.xcassets */,
			);
			path = "Preview Content";
			sourceTree = "<group>";
		};
		EB6AD8CB2A1EC827007FE30B /* Model */ = {
			isa = PBXGroup;
			children = (
				EB6AD8CF2A1EC868007FE30B /* CatModel.swift */,
			);
			path = Model;
			sourceTree = "<group>";
		};
		EB6AD8CC2A1EC82E007FE30B /* ViewModel */ = {
			isa = PBXGroup;
			children = (
				EB6AD8D52A1ECC7A007FE30B /* CatViewModel.swift */,
				EB6AD8E02A1ED896007FE30B /* NavigationViewModel.swift */,
			);
			path = ViewModel;
			sourceTree = "<group>";
		};
		EB6AD8CD2A1EC839007FE30B /* Views */ = {
			isa = PBXGroup;
			children = (
				EB6AD8D12A1EC8ED007FE30B /* CardComponent.swift */,
				EB6AD8D72A1ECC91007FE30B /* CatView.swift */,
				EB6AD8D92A1ED70D007FE30B /* CatListOfCardsView.swift */,
				EB6AD8E22A1ED9AE007FE30B /* SelectPageView.swift */,
			);
			path = Views;
			sourceTree = "<group>";
		};
		EB6AD8CE2A1EC847007FE30B /* Repositories */ = {
			isa = PBXGroup;
			children = (
				EB6AD8D32A1ECB9E007FE30B /* CatRepository.swift */,
			);
			path = Repositories;
			sourceTree = "<group>";
		};
		EB6AD8DD2A1ED7DF007FE30B /* Utilities */ = {
			isa = PBXGroup;
			children = (
				EB6AD8DE2A1ED7F0007FE30B /* Enums.swift */,
			);
			path = Utilities;
			sourceTree = "<group>";
		};
/* End PBXGroup section */

/* Begin PBXNativeTarget section */
		EB6AD8B92A1EC7B9007FE30B /* CatApp */ = {
			isa = PBXNativeTarget;
			buildConfigurationList = EB6AD8C82A1EC7BC007FE30B /* Build configuration list for PBXNativeTarget "CatApp" */;
			buildPhases = (
				EB6AD8B62A1EC7B9007FE30B /* Sources */,
				EB6AD8B72A1EC7B9007FE30B /* Frameworks */,
				EB6AD8B82A1EC7B9007FE30B /* Resources */,
			);
			buildRules = (
			);
			dependencies = (
			);
			name = CatApp;
			productName = CatApp;
			productReference = EB6AD8BA2A1EC7B9007FE30B /* CatApp.app */;
			productType = "com.apple.product-type.application";
		};
/* End PBXNativeTarget section */

/* Begin PBXProject section */
		EB6AD8B22A1EC7B9007FE30B /* Project object */ = {
			isa = PBXProject;
			attributes = {
				BuildIndependentTargetsInParallel = 1;
				LastSwiftUpdateCheck = 1420;
				LastUpgradeCheck = 1420;
				TargetAttributes = {
					EB6AD8B92A1EC7B9007FE30B = {
						CreatedOnToolsVersion = 14.2;
					};
				};
			};
			buildConfigurationList = EB6AD8B52A1EC7B9007FE30B /* Build configuration list for PBXProject "CatApp" */;
			compatibilityVersion = "Xcode 14.0";
			developmentRegion = en;
			hasScannedForEncodings = 0;
			knownRegions = (
				en,
				Base,
			);
			mainGroup = EB6AD8B12A1EC7B9007FE30B;
			productRefGroup = EB6AD8BB2A1EC7B9007FE30B /* Products */;
			projectDirPath = "";
			projectRoot = "";
			targets = (
				EB6AD8B92A1EC7B9007FE30B /* CatApp */,
			);
		};
/* End PBXProject section */

/* Begin PBXResourcesBuildPhase section */
		EB6AD8B82A1EC7B9007FE30B /* Resources */ = {
			isa = PBXResourcesBuildPhase;
			buildActionMask = 2147483647;
			files = (
				EB6AD8C52A1EC7BC007FE30B /* Preview Assets.xcassets in Resources */,
				EB6AD8C22A1EC7BC007FE30B /* Assets.xcassets in Resources */,
			);
			runOnlyForDeploymentPostprocessing = 0;
		};
/* End PBXResourcesBuildPhase section */

/* Begin PBXSourcesBuildPhase section */
		EB6AD8B62A1EC7B9007FE30B /* Sources */ = {
			isa = PBXSourcesBuildPhase;
			buildActionMask = 2147483647;
			files = (
				EB6AD8DC2A1ED7B1007FE30B /* RootView.swift in Sources */,
				EB6AD8D02A1EC869007FE30B /* CatModel.swift in Sources */,
				EB6AD8D82A1ECC91007FE30B /* CatView.swift in Sources */,
				EB6AD8E32A1ED9AE007FE30B /* SelectPageView.swift in Sources */,
				EB6AD8BE2A1EC7B9007FE30B /* CatAppApp.swift in Sources */,
				EB6AD8DA2A1ED70D007FE30B /* CatListOfCardsView.swift in Sources */,
				EB6AD8D42A1ECB9E007FE30B /* CatRepository.swift in Sources */,
				EB6AD8E12A1ED896007FE30B /* NavigationViewModel.swift in Sources */,
				EB6AD8D22A1EC8ED007FE30B /* CardComponent.swift in Sources */,
				EB6AD8DF2A1ED7F0007FE30B /* Enums.swift in Sources */,
				EB6AD8D62A1ECC7A007FE30B /* CatViewModel.swift in Sources */,
			);
			runOnlyForDeploymentPostprocessing = 0;
		};
/* End PBXSourcesBuildPhase section */

/* Begin XCBuildConfiguration section */
		EB6AD8C62A1EC7BC007FE30B /* Debug */ = {
			isa = XCBuildConfiguration;
			buildSettings = {
				ALWAYS_SEARCH_USER_PATHS = NO;
				CLANG_ANALYZER_NONNULL = YES;
				CLANG_ANALYZER_NUMBER_OBJECT_CONVERSION = YES_AGGRESSIVE;
				CLANG_CXX_LANGUAGE_STANDARD = "gnu++20";
				CLANG_ENABLE_MODULES = YES;
				CLANG_ENABLE_OBJC_ARC = YES;
				CLANG_ENABLE_OBJC_WEAK = YES;
				CLANG_WARN_BLOCK_CAPTURE_AUTORELEASING = YES;
				CLANG_WARN_BOOL_CONVERSION = YES;
				CLANG_WARN_COMMA = YES;
				CLANG_WARN_CONSTANT_CONVERSION = YES;
				CLANG_WARN_DEPRECATED_OBJC_IMPLEMENTATIONS = YES;
				CLANG_WARN_DIRECT_OBJC_ISA_USAGE = YES_ERROR;
				CLANG_WARN_DOCUMENTATION_COMMENTS = YES;
				CLANG_WARN_EMPTY_BODY = YES;
				CLANG_WARN_ENUM_CONVERSION = YES;
				CLANG_WARN_INFINITE_RECURSION = YES;
				CLANG_WARN_INT_CONVERSION = YES;
				CLANG_WARN_NON_LITERAL_NULL_CONVERSION = YES;
				CLANG_WARN_OBJC_IMPLICIT_RETAIN_SELF = YES;
				CLANG_WARN_OBJC_LITERAL_CONVERSION = YES;
				CLANG_WARN_OBJC_ROOT_CLASS = YES_ERROR;
				CLANG_WARN_QUOTED_INCLUDE_IN_FRAMEWORK_HEADER = YES;
				CLANG_WARN_RANGE_LOOP_ANALYSIS = YES;
				CLANG_WARN_STRICT_PROTOTYPES = YES;
				CLANG_WARN_SUSPICIOUS_MOVE = YES;
				CLANG_WARN_UNGUARDED_AVAILABILITY = YES_AGGRESSIVE;
				CLANG_WARN_UNREACHABLE_CODE = YES;
				CLANG_WARN__DUPLICATE_METHOD_MATCH = YES;
				COPY_PHASE_STRIP = NO;
				DEBUG_INFORMATION_FORMAT = dwarf;
				ENABLE_STRICT_OBJC_MSGSEND = YES;
				ENABLE_TESTABILITY = YES;
				GCC_C_LANGUAGE_STANDARD = gnu11;
				GCC_DYNAMIC_NO_PIC = NO;
				GCC_NO_COMMON_BLOCKS = YES;
				GCC_OPTIMIZATION_LEVEL = 0;
				GCC_PREPROCESSOR_DEFINITIONS = (
					"DEBUG=1",
					"$(inherited)",
				);
				GCC_WARN_64_TO_32_BIT_CONVERSION = YES;
				GCC_WARN_ABOUT_RETURN_TYPE = YES_ERROR;
				GCC_WARN_UNDECLARED_SELECTOR = YES;
				GCC_WARN_UNINITIALIZED_AUTOS = YES_AGGRESSIVE;
				GCC_WARN_UNUSED_FUNCTION = YES;
				GCC_WARN_UNUSED_VARIABLE = YES;
				IPHONEOS_DEPLOYMENT_TARGET = 16.2;
				MTL_ENABLE_DEBUG_INFO = INCLUDE_SOURCE;
				MTL_FAST_MATH = YES;
				ONLY_ACTIVE_ARCH = YES;
				SDKROOT = iphoneos;
				SWIFT_ACTIVE_COMPILATION_CONDITIONS = DEBUG;
				SWIFT_OPTIMIZATION_LEVEL = "-Onone";
			};
			name = Debug;
		};
		EB6AD8C72A1EC7BC007FE30B /* Release */ = {
			isa = XCBuildConfiguration;
			buildSettings = {
				ALWAYS_SEARCH_USER_PATHS = NO;
				CLANG_ANALYZER_NONNULL = YES;
				CLANG_ANALYZER_NUMBER_OBJECT_CONVERSION = YES_AGGRESSIVE;
				CLANG_CXX_LANGUAGE_STANDARD = "gnu++20";
				CLANG_ENABLE_MODULES = YES;
				CLANG_ENABLE_OBJC_ARC = YES;
				CLANG_ENABLE_OBJC_WEAK = YES;
				CLANG_WARN_BLOCK_CAPTURE_AUTORELEASING = YES;
				CLANG_WARN_BOOL_CONVERSION = YES;
				CLANG_WARN_COMMA = YES;
				CLANG_WARN_CONSTANT_CONVERSION = YES;
				CLANG_WARN_DEPRECATED_OBJC_IMPLEMENTATIONS = YES;
				CLANG_WARN_DIRECT_OBJC_ISA_USAGE = YES_ERROR;
				CLANG_WARN_DOCUMENTATION_COMMENTS = YES;
				CLANG_WARN_EMPTY_BODY = YES;
				CLANG_WARN_ENUM_CONVERSION = YES;
				CLANG_WARN_INFINITE_RECURSION = YES;
				CLANG_WARN_INT_CONVERSION = YES;
				CLANG_WARN_NON_LITERAL_NULL_CONVERSION = YES;
				CLANG_WARN_OBJC_IMPLICIT_RETAIN_SELF = YES;
				CLANG_WARN_OBJC_LITERAL_CONVERSION = YES;
				CLANG_WARN_OBJC_ROOT_CLASS = YES_ERROR;
				CLANG_WARN_QUOTED_INCLUDE_IN_FRAMEWORK_HEADER = YES;
				CLANG_WARN_RANGE_LOOP_ANALYSIS = YES;
				CLANG_WARN_STRICT_PROTOTYPES = YES;
				CLANG_WARN_SUSPICIOUS_MOVE = YES;
				CLANG_WARN_UNGUARDED_AVAILABILITY = YES_AGGRESSIVE;
				CLANG_WARN_UNREACHABLE_CODE = YES;
				CLANG_WARN__DUPLICATE_METHOD_MATCH = YES;
				COPY_PHASE_STRIP = NO;
				DEBUG_INFORMATION_FORMAT = "dwarf-with-dsym";
				ENABLE_NS_ASSERTIONS = NO;
				ENABLE_STRICT_OBJC_MSGSEND = YES;
				GCC_C_LANGUAGE_STANDARD = gnu11;
				GCC_NO_COMMON_BLOCKS = YES;
				GCC_WARN_64_TO_32_BIT_CONVERSION = YES;
				GCC_WARN_ABOUT_RETURN_TYPE = YES_ERROR;
				GCC_WARN_UNDECLARED_SELECTOR = YES;
				GCC_WARN_UNINITIALIZED_AUTOS = YES_AGGRESSIVE;
				GCC_WARN_UNUSED_FUNCTION = YES;
				GCC_WARN_UNUSED_VARIABLE = YES;
				IPHONEOS_DEPLOYMENT_TARGET = 16.2;
				MTL_ENABLE_DEBUG_INFO = NO;
				MTL_FAST_MATH = YES;
				SDKROOT = iphoneos;
				SWIFT_COMPILATION_MODE = wholemodule;
				SWIFT_OPTIMIZATION_LEVEL = "-O";
				VALIDATE_PRODUCT = YES;
			};
			name = Release;
		};
		EB6AD8C92A1EC7BC007FE30B /* Debug */ = {
			isa = XCBuildConfiguration;
			buildSettings = {
				ASSETCATALOG_COMPILER_APPICON_NAME = AppIcon;
				ASSETCATALOG_COMPILER_GLOBAL_ACCENT_COLOR_NAME = AccentColor;
				CODE_SIGN_STYLE = Automatic;
				CURRENT_PROJECT_VERSION = 1;
				DEVELOPMENT_ASSET_PATHS = "\"CatApp/Preview Content\"";
				DEVELOPMENT_TEAM = 8U236ZJ992;
				ENABLE_PREVIEWS = YES;
				GENERATE_INFOPLIST_FILE = YES;
				INFOPLIST_KEY_UIApplicationSceneManifest_Generation = YES;
				INFOPLIST_KEY_UIApplicationSupportsIndirectInputEvents = YES;
				INFOPLIST_KEY_UILaunchScreen_Generation = YES;
				INFOPLIST_KEY_UISupportedInterfaceOrientations_iPad = "UIInterfaceOrientationPortrait UIInterfaceOrientationPortraitUpsideDown UIInterfaceOrientationLandscapeLeft UIInterfaceOrientationLandscapeRight";
				INFOPLIST_KEY_UISupportedInterfaceOrientations_iPhone = "UIInterfaceOrientationPortrait UIInterfaceOrientationLandscapeLeft UIInterfaceOrientationLandscapeRight";
				LD_RUNPATH_SEARCH_PATHS = (
					"$(inherited)",
					"@executable_path/Frameworks",
				);
				MARKETING_VERSION = 1.0;
				PRODUCT_BUNDLE_IDENTIFIER = com.CatApp;
				PRODUCT_NAME = "$(TARGET_NAME)";
				SWIFT_EMIT_LOC_STRINGS = YES;
				SWIFT_VERSION = 5.0;
				TARGETED_DEVICE_FAMILY = "1,2";
			};
			name = Debug;
		};
		EB6AD8CA2A1EC7BC007FE30B /* Release */ = {
			isa = XCBuildConfiguration;
			buildSettings = {
				ASSETCATALOG_COMPILER_APPICON_NAME = AppIcon;
				ASSETCATALOG_COMPILER_GLOBAL_ACCENT_COLOR_NAME = AccentColor;
				CODE_SIGN_STYLE = Automatic;
				CURRENT_PROJECT_VERSION = 1;
				DEVELOPMENT_ASSET_PATHS = "\"CatApp/Preview Content\"";
				DEVELOPMENT_TEAM = 8U236ZJ992;
				ENABLE_PREVIEWS = YES;
				GENERATE_INFOPLIST_FILE = YES;
				INFOPLIST_KEY_UIApplicationSceneManifest_Generation = YES;
				INFOPLIST_KEY_UIApplicationSupportsIndirectInputEvents = YES;
				INFOPLIST_KEY_UILaunchScreen_Generation = YES;
				INFOPLIST_KEY_UISupportedInterfaceOrientations_iPad = "UIInterfaceOrientationPortrait UIInterfaceOrientationPortraitUpsideDown UIInterfaceOrientationLandscapeLeft UIInterfaceOrientationLandscapeRight";
				INFOPLIST_KEY_UISupportedInterfaceOrientations_iPhone = "UIInterfaceOrientationPortrait UIInterfaceOrientationLandscapeLeft UIInterfaceOrientationLandscapeRight";
				LD_RUNPATH_SEARCH_PATHS = (
					"$(inherited)",
					"@executable_path/Frameworks",
				);
				MARKETING_VERSION = 1.0;
				PRODUCT_BUNDLE_IDENTIFIER = com.CatApp;
				PRODUCT_NAME = "$(TARGET_NAME)";
				SWIFT_EMIT_LOC_STRINGS = YES;
				SWIFT_VERSION = 5.0;
				TARGETED_DEVICE_FAMILY = "1,2";
			};
			name = Release;
		};
/* End XCBuildConfiguration section */

/* Begin XCConfigurationList section */
		EB6AD8B52A1EC7B9007FE30B /* Build configuration list for PBXProject "CatApp" */ = {
			isa = XCConfigurationList;
			buildConfigurations = (
				EB6AD8C62A1EC7BC007FE30B /* Debug */,
				EB6AD8C72A1EC7BC007FE30B /* Release */,
			);
			defaultConfigurationIsVisible = 0;
			defaultConfigurationName = Release;
		};
		EB6AD8C82A1EC7BC007FE30B /* Build configuration list for PBXNativeTarget "CatApp" */ = {
			isa = XCConfigurationList;
			buildConfigurations = (
				EB6AD8C92A1EC7BC007FE30B /* Debug */,
				EB6AD8CA2A1EC7BC007FE30B /* Release */,
			);
			defaultConfigurationIsVisible = 0;
			defaultConfigurationName = Release;
		};
/* End XCConfigurationList section */
	};
	rootObject = EB6AD8B22A1EC7B9007FE30B /* Project object */;
}
